// !$*UTF8*$!
{
	archiveVersion = 1;
	classes = {
	};
	objectVersion = 46;
	objects = {

/* Begin PBXBuildFile section */
		49CFC4A51CC9FD0500A47D09 /* AppDelegate.swift in Sources */ = {isa = PBXBuildFile; fileRef = 49CFC4A41CC9FD0500A47D09 /* AppDelegate.swift */; };
		49CFC4A71CC9FD0500A47D09 /* Assets.xcassets in Resources */ = {isa = PBXBuildFile; fileRef = 49CFC4A61CC9FD0500A47D09 /* Assets.xcassets */; };
		49CFC4AA1CC9FD0500A47D09 /* MainMenu.xib in Resources */ = {isa = PBXBuildFile; fileRef = 49CFC4A81CC9FD0500A47D09 /* MainMenu.xib */; };
/* End PBXBuildFile section */

/* Begin PBXContainerItemProxy section */
		49CFC4C01CCA006700A47D09 /* PBXContainerItemProxy */ = {
			isa = PBXContainerItemProxy;
			containerPortal = 49CFC4BC1CCA006700A47D09 /* LoggingFramework.xcodeproj */;
			proxyType = 2;
			remoteGlobalIDString = 49076CED1CC989BF0073490F;
			remoteInfo = LoggingFramework;
		};
/* End PBXContainerItemProxy section */

/* Begin PBXCopyFilesBuildPhase section */
		49CFC4BB1CC9FDAA00A47D09 /* Embed Frameworks */ = {
			isa = PBXCopyFilesBuildPhase;
			buildActionMask = 2147483647;
			dstPath = "";
			dstSubfolderSpec = 10;
			files = (
			);
			name = "Embed Frameworks";
			runOnlyForDeploymentPostprocessing = 0;
		};
/* End PBXCopyFilesBuildPhase section */

/* Begin PBXFileReference section */
		49CFC4A11CC9FD0500A47D09 /* FwkConsumer.app */ = {isa = PBXFileReference; explicitFileType = wrapper.application; includeInIndex = 0; path = FwkConsumer.app; sourceTree = BUILT_PRODUCTS_DIR; };
		49CFC4A41CC9FD0500A47D09 /* AppDelegate.swift */ = {isa = PBXFileReference; lastKnownFileType = sourcecode.swift; path = AppDelegate.swift; sourceTree = "<group>"; };
		49CFC4A61CC9FD0500A47D09 /* Assets.xcassets */ = {isa = PBXFileReference; lastKnownFileType = folder.assetcatalog; path = Assets.xcassets; sourceTree = "<group>"; };
		49CFC4A91CC9FD0500A47D09 /* Base */ = {isa = PBXFileReference; lastKnownFileType = file.xib; name = Base; path = Base.lproj/MainMenu.xib; sourceTree = "<group>"; };
		49CFC4AB1CC9FD0500A47D09 /* Info.plist */ = {isa = PBXFileReference; lastKnownFileType = text.plist.xml; path = Info.plist; sourceTree = "<group>"; };
		49CFC4BC1CCA006700A47D09 /* LoggingFramework.xcodeproj */ = {isa = PBXFileReference; lastKnownFileType = "wrapper.pb-project"; name = LoggingFramework.xcodeproj; path = ../LoggingFramework/LoggingFramework.xcodeproj; sourceTree = "<group>"; };
/* End PBXFileReference section */

/* Begin PBXFrameworksBuildPhase section */
		49CFC49E1CC9FD0500A47D09 /* Frameworks */ = {
			isa = PBXFrameworksBuildPhase;
			buildActionMask = 2147483647;
			files = (
			);
			runOnlyForDeploymentPostprocessing = 0;
		};
/* End PBXFrameworksBuildPhase section */

/* Begin PBXGroup section */
		49CFC4981CC9FD0500A47D09 = {
			isa = PBXGroup;
			children = (
				49CFC4A31CC9FD0500A47D09 /* FwkConsumer */,
				49CFC4A21CC9FD0500A47D09 /* Products */,
				49CFC4BC1CCA006700A47D09 /* LoggingFramework.xcodeproj */,
			);
			sourceTree = "<group>";
		};
		49CFC4A21CC9FD0500A47D09 /* Products */ = {
			isa = PBXGroup;
			children = (
				49CFC4A11CC9FD0500A47D09 /* FwkConsumer.app */,
			);
			name = Products;
			sourceTree = "<group>";
		};
		49CFC4A31CC9FD0500A47D09 /* FwkConsumer */ = {
			isa = PBXGroup;
			children = (
				49CFC4A41CC9FD0500A47D09 /* AppDelegate.swift */,
				49CFC4A61CC9FD0500A47D09 /* Assets.xcassets */,
				49CFC4A81CC9FD0500A47D09 /* MainMenu.xib */,
				49CFC4AB1CC9FD0500A47D09 /* Info.plist */,
			);
			path = FwkConsumer;
			sourceTree = "<group>";
		};
		49CFC4BD1CCA006700A47D09 /* Products */ = {
			isa = PBXGroup;
			children = (
				49CFC4C11CCA006700A47D09 /* LoggingFramework.framework */,
			);
			name = Products;
			sourceTree = "<group>";
		};
/* End PBXGroup section */

/* Begin PBXNativeTarget section */
		49CFC4A01CC9FD0500A47D09 /* FwkConsumer */ = {
			isa = PBXNativeTarget;
			buildConfigurationList = 49CFC4AE1CC9FD0500A47D09 /* Build configuration list for PBXNativeTarget "FwkConsumer" */;
			buildPhases = (
				49CFC49D1CC9FD0500A47D09 /* Sources */,
				49CFC49E1CC9FD0500A47D09 /* Frameworks */,
				49CFC49F1CC9FD0500A47D09 /* Resources */,
				49CFC4BB1CC9FDAA00A47D09 /* Embed Frameworks */,
			);
			buildRules = (
			);
			dependencies = (
			);
			name = FwkConsumer;
			productName = FwkConsumer;
			productReference = 49CFC4A11CC9FD0500A47D09 /* FwkConsumer.app */;
			productType = "com.apple.product-type.application";
		};
/* End PBXNativeTarget section */

/* Begin PBXProject section */
		49CFC4991CC9FD0500A47D09 /* Project object */ = {
			isa = PBXProject;
			attributes = {
				LastSwiftUpdateCheck = 0730;
				LastUpgradeCheck = 0730;
				ORGANIZATIONNAME = "Nikhil Pagidala";
				TargetAttributes = {
					49CFC4A01CC9FD0500A47D09 = {
						CreatedOnToolsVersion = 7.3;
					};
				};
			};
			buildConfigurationList = 49CFC49C1CC9FD0500A47D09 /* Build configuration list for PBXProject "FwkConsumer" */;
			compatibilityVersion = "Xcode 3.2";
			developmentRegion = English;
			hasScannedForEncodings = 0;
			knownRegions = (
				en,
				Base,
			);
			mainGroup = 49CFC4981CC9FD0500A47D09;
			productRefGroup = 49CFC4A21CC9FD0500A47D09 /* Products */;
			projectDirPath = "";
			projectReferences = (
				{
					ProductGroup = 49CFC4BD1CCA006700A47D09 /* Products */;
					ProjectRef = 49CFC4BC1CCA006700A47D09 /* LoggingFramework.xcodeproj */;
				},
			);
			projectRoot = "";
			targets = (
				49CFC4A01CC9FD0500A47D09 /* FwkConsumer */,
			);
		};
/* End PBXProject section */

/* Begin PBXReferenceProxy section */
		49CFC4C11CCA006700A47D09 /* LoggingFramework.framework */ = {
			isa = PBXReferenceProxy;
			fileType = wrapper.framework;
			path = LoggingFramework.framework;
			remoteRef = 49CFC4C01CCA006700A47D09 /* PBXContainerItemProxy */;
			sourceTree = BUILT_PRODUCTS_DIR;
		};
/* End PBXReferenceProxy section */

/* Begin PBXResourcesBuildPhase section */
		49CFC49F1CC9FD0500A47D09 /* Resources */ = {
			isa = PBXResourcesBuildPhase;
			buildActionMask = 2147483647;
			files = (
				49CFC4A71CC9FD0500A47D09 /* Assets.xcassets in Resources */,
				49CFC4AA1CC9FD0500A47D09 /* MainMenu.xib in Resources */,
			);
			runOnlyForDeploymentPostprocessing = 0;
		};
/* End PBXResourcesBuildPhase section */

/* Begin PBXSourcesBuildPhase section */
		49CFC49D1CC9FD0500A47D09 /* Sources */ = {
			isa = PBXSourcesBuildPhase;
			buildActionMask = 2147483647;
			files = (
				49CFC4A51CC9FD0500A47D09 /* AppDelegate.swift in Sources */,
			);
			runOnlyForDeploymentPostprocessing = 0;
		};
/* End PBXSourcesBuildPhase section */

/* Begin PBXVariantGroup section */
		49CFC4A81CC9FD0500A47D09 /* MainMenu.xib */ = {
			isa = PBXVariantGroup;
			children = (
				49CFC4A91CC9FD0500A47D09 /* Base */,
			);
			name = MainMenu.xib;
			sourceTree = "<group>";
		};
/* End PBXVariantGroup section */

/* Begin XCBuildConfiguration section */
		49CFC4AC1CC9FD0500A47D09 /* Debug */ = {
			isa = XCBuildConfiguration;
			buildSettings = {
				ALWAYS_SEARCH_USER_PATHS = NO;
				CLANG_ANALYZER_NONNULL = YES;
				CLANG_CXX_LANGUAGE_STANDARD = "gnu++0x";
				CLANG_CXX_LIBRARY = "libc++";
				CLANG_ENABLE_MODULES = YES;
				CLANG_ENABLE_OBJC_ARC = YES;
				CLANG_WARN_BOOL_CONVERSION = YES;
				CLANG_WARN_CONSTANT_CONVERSION = YES;
				CLANG_WARN_DIRECT_OBJC_ISA_USAGE = YES_ERROR;
				CLANG_WARN_EMPTY_BODY = YES;
				CLANG_WARN_ENUM_CONVERSION = YES;
				CLANG_WARN_INT_CONVERSION = YES;
				CLANG_WARN_OBJC_ROOT_CLASS = YES_ERROR;
				CLANG_WARN_UNREACHABLE_CODE = YES;
				CLANG_WARN__DUPLICATE_METHOD_MATCH = YES;
				CODE_SIGN_IDENTITY = "-";
				COPY_PHASE_STRIP = NO;
				DEBUG_INFORMATION_FORMAT = dwarf;
				ENABLE_STRICT_OBJC_MSGSEND = YES;
				ENABLE_TESTABILITY = YES;
				GCC_C_LANGUAGE_STANDARD = gnu99;
				GCC_DYNAMIC_NO_PIC = NO;
				GCC_NO_COMMON_BLOCKS = YES;
				GCC_OPTIMIZATION_LEVEL = 0;
				GCC_PREPROCESSOR_DEFINITIONS = (
					"DEBUG=1",
					"$(inherited)",
				);
				GCC_WARN_64_TO_32_BIT_CONVERSION = YES;
				GCC_WARN_ABOUT_RETURN_TYPE = YES_ERROR;
				GCC_WARN_UNDECLARED_SELECTOR = YES;
				GCC_WARN_UNINITIALIZED_AUTOS = YES_AGGRESSIVE;
				GCC_WARN_UNUSED_FUNCTION = YES;
				GCC_WARN_UNUSED_VARIABLE = YES;
				MACOSX_DEPLOYMENT_TARGET = 10.11;
				MTL_ENABLE_DEBUG_INFO = YES;
				ONLY_ACTIVE_ARCH = YES;
				SDKROOT = macosx;
				SWIFT_OPTIMIZATION_LEVEL = "-Onone";
			};
			name = Debug;
		};
		49CFC4AD1CC9FD0500A47D09 /* Release */ = {
			isa = XCBuildConfiguration;
			buildSettings = {
				ALWAYS_SEARCH_USER_PATHS = NO;
				CLANG_ANALYZER_NONNULL = YES;
				CLANG_CXX_LANGUAGE_STANDARD = "gnu++0x";
				CLANG_CXX_LIBRARY = "libc++";
				CLANG_ENABLE_MODULES = YES;
				CLANG_ENABLE_OBJC_ARC = YES;
				CLANG_WARN_BOOL_CONVERSION = YES;
				CLANG_WARN_CONSTANT_CONVERSION = YES;
				CLANG_WARN_DIRECT_OBJC_ISA_USAGE = YES_ERROR;
				CLANG_WARN_EMPTY_BODY = YES;
				CLANG_WARN_ENUM_CONVERSION = YES;
				CLANG_WARN_INT_CONVERSION = YES;
				CLANG_WARN_OBJC_ROOT_CLASS = YES_ERROR;
				CLANG_WARN_UNREACHABLE_CODE = YES;
				CLANG_WARN__DUPLICATE_METHOD_MATCH = YES;
				CODE_SIGN_IDENTITY = "-";
				COPY_PHASE_STRIP = NO;
				DEBUG_INFORMATION_FORMAT = "dwarf-with-dsym";
				ENABLE_NS_ASSERTIONS = NO;
				ENABLE_STRICT_OBJC_MSGSEND = YES;
				GCC_C_LANGUAGE_STANDARD = gnu99;
				GCC_NO_COMMON_BLOCKS = YES;
				GCC_WARN_64_TO_32_BIT_CONVERSION = YES;
				GCC_WARN_ABOUT_RETURN_TYPE = YES_ERROR;
				GCC_WARN_UNDECLARED_SELECTOR = YES;
				GCC_WARN_UNINITIALIZED_AUTOS = YES_AGGRESSIVE;
				GCC_WARN_UNUSED_FUNCTION = YES;
				GCC_WARN_UNUSED_VARIABLE = YES;
				MACOSX_DEPLOYMENT_TARGET = 10.11;
				MTL_ENABLE_DEBUG_INFO = NO;
				SDKROOT = macosx;
			};
			name = Release;
		};
		49CFC4AF1CC9FD0500A47D09 /* Debug */ = {
			isa = XCBuildConfiguration;
			buildSettings = {
				ASSETCATALOG_COMPILER_APPICON_NAME = AppIcon;
				COMBINE_HIDPI_IMAGES = YES;
				EMBEDDED_CONTENT_CONTAINS_SWIFT = YES;
				INFOPLIST_FILE = FwkConsumer/Info.plist;
				LD_RUNPATH_SEARCH_PATHS = "$(inherited) @executable_path/../Frameworks";
				PRODUCT_BUNDLE_IDENTIFIER = com.nikpcali.FwkConsumer;
				PRODUCT_NAME = "$(TARGET_NAME)";
			};
			name = Debug;
		};
		49CFC4B01CC9FD0500A47D09 /* Release */ = {
			isa = XCBuildConfiguration;
			buildSettings = {
				ASSETCATALOG_COMPILER_APPICON_NAME = AppIcon;
				COMBINE_HIDPI_IMAGES = YES;
				EMBEDDED_CONTENT_CONTAINS_SWIFT = YES;
				INFOPLIST_FILE = FwkConsumer/Info.plist;
				LD_RUNPATH_SEARCH_PATHS = "$(inherited) @executable_path/../Frameworks";
				PRODUCT_BUNDLE_IDENTIFIER = com.nikpcali.FwkConsumer;
				PRODUCT_NAME = "$(TARGET_NAME)";
			};
			name = Release;
		};
/* End XCBuildConfiguration section */

/* Begin XCConfigurationList section */
		49CFC49C1CC9FD0500A47D09 /* Build configuration list for PBXProject "FwkConsumer" */ = {
			isa = XCConfigurationList;
			buildConfigurations = (
				49CFC4AC1CC9FD0500A47D09 /* Debug */,
				49CFC4AD1CC9FD0500A47D09 /* Release */,
			);
			defaultConfigurationIsVisible = 0;
			defaultConfigurationName = Release;
		};
		49CFC4AE1CC9FD0500A47D09 /* Build configuration list for PBXNativeTarget "FwkConsumer" */ = {
			isa = XCConfigurationList;
			buildConfigurations = (
				49CFC4AF1CC9FD0500A47D09 /* Debug */,
				49CFC4B01CC9FD0500A47D09 /* Release */,
			);
			defaultConfigurationIsVisible = 0;
		};
/* End XCConfigurationList section */
	};
	rootObject = 49CFC4991CC9FD0500A47D09 /* Project object */;
}
